
Microsoft Visual Studio Solution File, Format Version 12.00
# Visual Studio Version 17
VisualStudioVersion = 17.3.32811.315
MinimumVisualStudioVersion = 10.0.40219.1
Project("{9A19103F-16F7-4668-BE54-9A1E7A4F7556}") = "MFPlayer", "MFPlayer\MFPlayer.csproj", "{EBFA8512-1EA5-4D8C-B4AC-AB5B48A6D568}"
EndProject
Project("{9A19103F-16F7-4668-BE54-9A1E7A4F7556}") = "MFPlayer.Desktop", "MFPlayer.Desktop\MFPlayer.Desktop.csproj", "{ABC31E74-02FF-46EB-B3B2-4E6AE43B456C}"
EndProject
Project("{2150E333-8FDC-42A3-9474-1A3956D46DE8}") = "Solution Items", "Solution Items", "{3DA99C4E-89E3-4049-9C22-0A7EC60D83D8}"
	ProjectSection(SolutionItems) = preProject
		Directory.Packages.props = Directory.Packages.props
	EndProjectSection
EndProject
Project("{2150E333-8FDC-42A3-9474-1A3956D46DE8}") = "MIDI", "MIDI", "{6FD506B3-14CF-45F3-A11F-EB8C831991E2}"
EndProject
Project("{FAE04EC0-301F-11D3-BF4B-00C04F79EFBC}") = "PMLib", "PMLib\PMLib.csproj", "{BFF82F62-49BB-4B0E-9237-45249A41E235}"
EndProject
Project("{2150E333-8FDC-42A3-9474-1A3956D46DE8}") = "Test", "Test", "{4FC3071A-F3AC-4D1F-8C73-FBD40A73FECE}"
EndProject
Project("{FAE04EC0-301F-11D3-BF4B-00C04F79EFBC}") = "AudioEx", "Test\AudioEx\AudioEx.csproj", "{B33BF85C-5F4A-4DB2-BFA2-A62CF1ACBEBC}"
EndProject
Project("{FAE04EC0-301F-11D3-BF4B-00C04F79EFBC}") = "VideoTest", "Test\VideoTest\VideoTest.csproj", "{136BC955-3AB3-42D8-8E46-C8680F94B4E7}"
EndProject
Project("{2150E333-8FDC-42A3-9474-1A3956D46DE8}") = "VideoLibs", "VideoLibs", "{47F53610-2510-4EC0-BF22-554B68334224}"
EndProject
Project("{FAE04EC0-301F-11D3-BF4B-00C04F79EFBC}") = "Seko.OwnAudioNET.Video", "VideoLibs\Seko.OwnAudioNET.Video\Seko.OwnAudioNET.Video.csproj", "{FA7F6707-61E4-4EF8-9BA2-75CF5E3A0CA7}"
EndProject
Project("{FAE04EC0-301F-11D3-BF4B-00C04F79EFBC}") = "Seko.OwnAudioNET.Video.Avalonia", "VideoLibs\Seko.OwnAudioNET.Video.Avalonia\Seko.OwnAudioNET.Video.Avalonia.csproj", "{790CB931-A9AA-44B6-8B2D-080739954CDE}"
EndProject
Project("{FAE04EC0-301F-11D3-BF4B-00C04F79EFBC}") = "Seko.OwnAudioNET.Video.SDL3", "VideoLibs\Seko.OwnAudioNET.Video.SDL3\Seko.OwnAudioNET.Video.SDL3.csproj", "{01F79FA0-CA41-4096-BC2F-26BBA9F85D4E}"
EndProject
Project("{2150E333-8FDC-42A3-9474-1A3956D46DE8}") = "Reference", "Reference", "{BC0D59F3-3F69-4518-B385-927FA3A96690}"
EndProject
Project("{FAE04EC0-301F-11D3-BF4B-00C04F79EFBC}") = "Seko.OwnAudioNET.Video.Engine", "VideoLibs\Seko.OwnAudioNET.Video.Engine\Seko.OwnAudioNET.Video.Engine.csproj", "{B4E36442-657E-4FFB-B58F-C3425C7B1333}"
EndProject
Project("{2150E333-8FDC-42A3-9474-1A3956D46DE8}") = "Doc", "Doc", "{C5A09A9C-9EB0-47AE-A212-5084CFA63CEC}"
	ProjectSection(SolutionItems) = preProject
		Doc\README.md = Doc\README.md
		Doc\setup-prerequisites.md = Doc\setup-prerequisites.md
		Doc\video-mixer-basics.md = Doc\video-mixer-basics.md
		Doc\audio-video-mixer.md = Doc\audio-video-mixer.md
		Doc\interop-ownaudio.md = Doc\interop-ownaudio.md
		Doc\audioex-setup.md = Doc\audioex-setup.md
		Doc\videotest-setup.md = Doc\videotest-setup.md
		Doc\ndi-receive.md = Doc\ndi-receive.md
		Doc\ndi-send.md = Doc\ndi-send.md
		Doc\multiplexers.md = Doc\multiplexers.md
	EndProjectSection
EndProject
Project("{2150E333-8FDC-42A3-9474-1A3956D46DE8}") = "NDI", "NDI", "{A60A708F-FB76-474D-BC78-75770742423D}"
EndProject
Project("{FAE04EC0-301F-11D3-BF4B-00C04F79EFBC}") = "NdiLib", "NDI\NdiLib\NdiLib.csproj", "{364EB31E-C31B-4874-AA82-5524BA8D06B9}"
EndProject
Project("{FAE04EC0-301F-11D3-BF4B-00C04F79EFBC}") = "NdiLib.Smoke", "NDI\NdiLib.Smoke\NdiLib.Smoke.csproj", "{D536C0F8-B114-4F10-8D9F-152D9DA49742}"
EndProject
Project("{FAE04EC0-301F-11D3-BF4B-00C04F79EFBC}") = "Seko.OwnAudioNET.Video.NDI", "VideoLibs\Seko.OwnAudioNET.Video.NDI\Seko.OwnAudioNET.Video.NDI.csproj", "{CCDB3ED3-DEFF-4AE1-84DD-2131D1F5F41C}"
EndProject
Project("{FAE04EC0-301F-11D3-BF4B-00C04F79EFBC}") = "NdiVideoReceive", "Test\NdiVideoReceive\NdiVideoReceive.csproj", "{5DA56A07-AD4D-4843-A876-FFEA5C2BAC11}"
EndProject
Project("{2150E333-8FDC-42A3-9474-1A3956D46DE8}") = "Media", "Media", "{776AE86F-6A81-4B69-A48A-88A9293EB425}"
EndProject
Project("{2150E333-8FDC-42A3-9474-1A3956D46DE8}") = "Audio", "Audio", "{486A1187-8515-43B7-8075-1DFC7B95B987}"
EndProject
Project("{2150E333-8FDC-42A3-9474-1A3956D46DE8}") = "OSC", "OSC", "{36B710DB-96D4-4B92-90BD-54636B2D48E1}"
EndProject
Project("{FAE04EC0-301F-11D3-BF4B-00C04F79EFBC}") = "OSCLib", "OSC\OSCLib\OSCLib.csproj", "{76DE0424-A676-4797-BE13-FF716C70296C}"
EndProject
Project("{FAE04EC0-301F-11D3-BF4B-00C04F79EFBC}") = "OSCLib.Smoke", "OSC\OSCLib.Smoke\OSCLib.Smoke.csproj", "{1A88A3E9-B811-466D-BE9C-88D425D571BF}"
EndProject
Project("{FAE04EC0-301F-11D3-BF4B-00C04F79EFBC}") = "OSCLib.Tests", "OSC\OSCLib.Tests\OSCLib.Tests.csproj", "{A9B562E3-C1DA-497D-81C3-65251EB242D1}"
EndProject
Project("{FAE04EC0-301F-11D3-BF4B-00C04F79EFBC}") = "PALib", "Audio\PALib\PALib.csproj", "{7817CECD-0755-423A-8196-1D34975018A7}"
EndProject
Project("{FAE04EC0-301F-11D3-BF4B-00C04F79EFBC}") = "PALib.Smoke", "Audio\PALib.Smoke\PALib.Smoke.csproj", "{E6E6D3BF-7D06-4E21-90E9-4DE8856A1E3F}"
EndProject
Project("{FAE04EC0-301F-11D3-BF4B-00C04F79EFBC}") = "PALib.Tests", "Audio\PALib.Tests\PALib.Tests.csproj", "{34FA474D-D6A3-4B62-ABC7-CDD780332484}"
EndProject
Project("{FAE04EC0-301F-11D3-BF4B-00C04F79EFBC}") = "S.Media.Core", "Media\S.Media.Core\S.Media.Core.csproj", "{0048AB41-5654-47F0-ABD5-1646F7D7706D}"
EndProject
Project("{FAE04EC0-301F-11D3-BF4B-00C04F79EFBC}") = "S.Media.FFmpeg", "Media\S.Media.FFmpeg\S.Media.FFmpeg.csproj", "{EA15A504-2EE5-4A75-960C-DA6A957A98AC}"
EndProject
Project("{FAE04EC0-301F-11D3-BF4B-00C04F79EFBC}") = "S.Media.MIDI", "Media\S.Media.MIDI\S.Media.MIDI.csproj", "{A48D1A49-9DD9-4D15-AC10-891EE02C8D69}"
EndProject
Project("{FAE04EC0-301F-11D3-BF4B-00C04F79EFBC}") = "S.Media.NDI", "Media\S.Media.NDI\S.Media.NDI.csproj", "{4CCB4813-588C-460F-B302-89F664642F01}"
EndProject
Project("{FAE04EC0-301F-11D3-BF4B-00C04F79EFBC}") = "S.Media.OpenGL", "Media\S.Media.OpenGL\S.Media.OpenGL.csproj", "{711FF0CB-546B-442F-AC7D-F479209E40CF}"
EndProject
Project("{FAE04EC0-301F-11D3-BF4B-00C04F79EFBC}") = "S.Media.OpenGL.Avalonia", "Media\S.Media.OpenGL.Avalonia\S.Media.OpenGL.Avalonia.csproj", "{0AF32AE0-DF2A-44BA-82AD-59F008B5AD33}"
EndProject
Project("{FAE04EC0-301F-11D3-BF4B-00C04F79EFBC}") = "S.Media.OpenGL.SDL3", "Media\S.Media.OpenGL.SDL3\S.Media.OpenGL.SDL3.csproj", "{20EA6A5C-18BE-46DF-BB4D-3F709B779B5E}"
EndProject
Project("{FAE04EC0-301F-11D3-BF4B-00C04F79EFBC}") = "S.Media.PortAudio", "Media\S.Media.PortAudio\S.Media.PortAudio.csproj", "{C8BD08F5-485B-4833-9AD3-1CF7AC6B3B4D}"
EndProject
Project("{FAE04EC0-301F-11D3-BF4B-00C04F79EFBC}") = "S.Media.Core.Tests", "Media\S.Media.Core.Tests\S.Media.Core.Tests.csproj", "{0354ACD6-DCAB-4441-86F9-09B6D2E39EC4}"
EndProject
Project("{FAE04EC0-301F-11D3-BF4B-00C04F79EFBC}") = "S.Media.FFmpeg.Tests", "Media\S.Media.FFmpeg.Tests\S.Media.FFmpeg.Tests.csproj", "{971E05C1-D489-4E23-A5D8-6629EBD2295A}"
EndProject
Global
	GlobalSection(SolutionConfigurationPlatforms) = preSolution
		Debug|Any CPU = Debug|Any CPU
		Debug|x64 = Debug|x64
		Debug|x86 = Debug|x86
		Release|Any CPU = Release|Any CPU
		Release|x64 = Release|x64
		Release|x86 = Release|x86
	EndGlobalSection
	GlobalSection(ProjectConfigurationPlatforms) = postSolution
		{EBFA8512-1EA5-4D8C-B4AC-AB5B48A6D568}.Debug|Any CPU.ActiveCfg = Debug|Any CPU
		{EBFA8512-1EA5-4D8C-B4AC-AB5B48A6D568}.Debug|Any CPU.Build.0 = Debug|Any CPU
		{EBFA8512-1EA5-4D8C-B4AC-AB5B48A6D568}.Debug|x64.ActiveCfg = Debug|Any CPU
		{EBFA8512-1EA5-4D8C-B4AC-AB5B48A6D568}.Debug|x64.Build.0 = Debug|Any CPU
		{EBFA8512-1EA5-4D8C-B4AC-AB5B48A6D568}.Debug|x86.ActiveCfg = Debug|Any CPU
		{EBFA8512-1EA5-4D8C-B4AC-AB5B48A6D568}.Debug|x86.Build.0 = Debug|Any CPU
		{EBFA8512-1EA5-4D8C-B4AC-AB5B48A6D568}.Release|Any CPU.ActiveCfg = Release|Any CPU
		{EBFA8512-1EA5-4D8C-B4AC-AB5B48A6D568}.Release|Any CPU.Build.0 = Release|Any CPU
		{EBFA8512-1EA5-4D8C-B4AC-AB5B48A6D568}.Release|x64.ActiveCfg = Release|Any CPU
		{EBFA8512-1EA5-4D8C-B4AC-AB5B48A6D568}.Release|x64.Build.0 = Release|Any CPU
		{EBFA8512-1EA5-4D8C-B4AC-AB5B48A6D568}.Release|x86.ActiveCfg = Release|Any CPU
		{EBFA8512-1EA5-4D8C-B4AC-AB5B48A6D568}.Release|x86.Build.0 = Release|Any CPU
		{ABC31E74-02FF-46EB-B3B2-4E6AE43B456C}.Debug|Any CPU.ActiveCfg = Debug|Any CPU
		{ABC31E74-02FF-46EB-B3B2-4E6AE43B456C}.Debug|Any CPU.Build.0 = Debug|Any CPU
		{ABC31E74-02FF-46EB-B3B2-4E6AE43B456C}.Debug|x64.ActiveCfg = Debug|Any CPU
		{ABC31E74-02FF-46EB-B3B2-4E6AE43B456C}.Debug|x64.Build.0 = Debug|Any CPU
		{ABC31E74-02FF-46EB-B3B2-4E6AE43B456C}.Debug|x86.ActiveCfg = Debug|Any CPU
		{ABC31E74-02FF-46EB-B3B2-4E6AE43B456C}.Debug|x86.Build.0 = Debug|Any CPU
		{ABC31E74-02FF-46EB-B3B2-4E6AE43B456C}.Release|Any CPU.ActiveCfg = Release|Any CPU
		{ABC31E74-02FF-46EB-B3B2-4E6AE43B456C}.Release|Any CPU.Build.0 = Release|Any CPU
		{ABC31E74-02FF-46EB-B3B2-4E6AE43B456C}.Release|x64.ActiveCfg = Release|Any CPU
		{ABC31E74-02FF-46EB-B3B2-4E6AE43B456C}.Release|x64.Build.0 = Release|Any CPU
		{ABC31E74-02FF-46EB-B3B2-4E6AE43B456C}.Release|x86.ActiveCfg = Release|Any CPU
		{ABC31E74-02FF-46EB-B3B2-4E6AE43B456C}.Release|x86.Build.0 = Release|Any CPU
		{BFF82F62-49BB-4B0E-9237-45249A41E235}.Debug|Any CPU.ActiveCfg = Debug|Any CPU
		{BFF82F62-49BB-4B0E-9237-45249A41E235}.Debug|Any CPU.Build.0 = Debug|Any CPU
		{BFF82F62-49BB-4B0E-9237-45249A41E235}.Debug|x64.ActiveCfg = Debug|Any CPU
		{BFF82F62-49BB-4B0E-9237-45249A41E235}.Debug|x64.Build.0 = Debug|Any CPU
		{BFF82F62-49BB-4B0E-9237-45249A41E235}.Debug|x86.ActiveCfg = Debug|Any CPU
		{BFF82F62-49BB-4B0E-9237-45249A41E235}.Debug|x86.Build.0 = Debug|Any CPU
		{BFF82F62-49BB-4B0E-9237-45249A41E235}.Release|Any CPU.ActiveCfg = Release|Any CPU
		{BFF82F62-49BB-4B0E-9237-45249A41E235}.Release|Any CPU.Build.0 = Release|Any CPU
		{BFF82F62-49BB-4B0E-9237-45249A41E235}.Release|x64.ActiveCfg = Release|Any CPU
		{BFF82F62-49BB-4B0E-9237-45249A41E235}.Release|x64.Build.0 = Release|Any CPU
		{BFF82F62-49BB-4B0E-9237-45249A41E235}.Release|x86.ActiveCfg = Release|Any CPU
		{BFF82F62-49BB-4B0E-9237-45249A41E235}.Release|x86.Build.0 = Release|Any CPU
		{B33BF85C-5F4A-4DB2-BFA2-A62CF1ACBEBC}.Debug|Any CPU.ActiveCfg = Debug|Any CPU
		{B33BF85C-5F4A-4DB2-BFA2-A62CF1ACBEBC}.Debug|Any CPU.Build.0 = Debug|Any CPU
		{B33BF85C-5F4A-4DB2-BFA2-A62CF1ACBEBC}.Debug|x64.ActiveCfg = Debug|Any CPU
		{B33BF85C-5F4A-4DB2-BFA2-A62CF1ACBEBC}.Debug|x64.Build.0 = Debug|Any CPU
		{B33BF85C-5F4A-4DB2-BFA2-A62CF1ACBEBC}.Debug|x86.ActiveCfg = Debug|Any CPU
		{B33BF85C-5F4A-4DB2-BFA2-A62CF1ACBEBC}.Debug|x86.Build.0 = Debug|Any CPU
		{B33BF85C-5F4A-4DB2-BFA2-A62CF1ACBEBC}.Release|Any CPU.ActiveCfg = Release|Any CPU
		{B33BF85C-5F4A-4DB2-BFA2-A62CF1ACBEBC}.Release|Any CPU.Build.0 = Release|Any CPU
		{B33BF85C-5F4A-4DB2-BFA2-A62CF1ACBEBC}.Release|x64.ActiveCfg = Release|Any CPU
		{B33BF85C-5F4A-4DB2-BFA2-A62CF1ACBEBC}.Release|x64.Build.0 = Release|Any CPU
		{B33BF85C-5F4A-4DB2-BFA2-A62CF1ACBEBC}.Release|x86.ActiveCfg = Release|Any CPU
		{B33BF85C-5F4A-4DB2-BFA2-A62CF1ACBEBC}.Release|x86.Build.0 = Release|Any CPU
		{136BC955-3AB3-42D8-8E46-C8680F94B4E7}.Debug|Any CPU.ActiveCfg = Debug|Any CPU
		{136BC955-3AB3-42D8-8E46-C8680F94B4E7}.Debug|Any CPU.Build.0 = Debug|Any CPU
		{136BC955-3AB3-42D8-8E46-C8680F94B4E7}.Debug|x64.ActiveCfg = Debug|Any CPU
		{136BC955-3AB3-42D8-8E46-C8680F94B4E7}.Debug|x64.Build.0 = Debug|Any CPU
		{136BC955-3AB3-42D8-8E46-C8680F94B4E7}.Debug|x86.ActiveCfg = Debug|Any CPU
		{136BC955-3AB3-42D8-8E46-C8680F94B4E7}.Debug|x86.Build.0 = Debug|Any CPU
		{136BC955-3AB3-42D8-8E46-C8680F94B4E7}.Release|Any CPU.ActiveCfg = Release|Any CPU
		{136BC955-3AB3-42D8-8E46-C8680F94B4E7}.Release|Any CPU.Build.0 = Release|Any CPU
		{136BC955-3AB3-42D8-8E46-C8680F94B4E7}.Release|x64.ActiveCfg = Release|Any CPU
		{136BC955-3AB3-42D8-8E46-C8680F94B4E7}.Release|x64.Build.0 = Release|Any CPU
		{136BC955-3AB3-42D8-8E46-C8680F94B4E7}.Release|x86.ActiveCfg = Release|Any CPU
		{136BC955-3AB3-42D8-8E46-C8680F94B4E7}.Release|x86.Build.0 = Release|Any CPU
		{FA7F6707-61E4-4EF8-9BA2-75CF5E3A0CA7}.Debug|Any CPU.ActiveCfg = Debug|Any CPU
		{FA7F6707-61E4-4EF8-9BA2-75CF5E3A0CA7}.Debug|Any CPU.Build.0 = Debug|Any CPU
		{FA7F6707-61E4-4EF8-9BA2-75CF5E3A0CA7}.Debug|x64.ActiveCfg = Debug|Any CPU
		{FA7F6707-61E4-4EF8-9BA2-75CF5E3A0CA7}.Debug|x64.Build.0 = Debug|Any CPU
		{FA7F6707-61E4-4EF8-9BA2-75CF5E3A0CA7}.Debug|x86.ActiveCfg = Debug|Any CPU
		{FA7F6707-61E4-4EF8-9BA2-75CF5E3A0CA7}.Debug|x86.Build.0 = Debug|Any CPU
		{FA7F6707-61E4-4EF8-9BA2-75CF5E3A0CA7}.Release|Any CPU.ActiveCfg = Release|Any CPU
		{FA7F6707-61E4-4EF8-9BA2-75CF5E3A0CA7}.Release|Any CPU.Build.0 = Release|Any CPU
		{FA7F6707-61E4-4EF8-9BA2-75CF5E3A0CA7}.Release|x64.ActiveCfg = Release|Any CPU
		{FA7F6707-61E4-4EF8-9BA2-75CF5E3A0CA7}.Release|x64.Build.0 = Release|Any CPU
		{FA7F6707-61E4-4EF8-9BA2-75CF5E3A0CA7}.Release|x86.ActiveCfg = Release|Any CPU
		{FA7F6707-61E4-4EF8-9BA2-75CF5E3A0CA7}.Release|x86.Build.0 = Release|Any CPU
		{790CB931-A9AA-44B6-8B2D-080739954CDE}.Debug|Any CPU.ActiveCfg = Debug|Any CPU
		{790CB931-A9AA-44B6-8B2D-080739954CDE}.Debug|Any CPU.Build.0 = Debug|Any CPU
		{790CB931-A9AA-44B6-8B2D-080739954CDE}.Debug|x64.ActiveCfg = Debug|Any CPU
		{790CB931-A9AA-44B6-8B2D-080739954CDE}.Debug|x64.Build.0 = Debug|Any CPU
		{790CB931-A9AA-44B6-8B2D-080739954CDE}.Debug|x86.ActiveCfg = Debug|Any CPU
		{790CB931-A9AA-44B6-8B2D-080739954CDE}.Debug|x86.Build.0 = Debug|Any CPU
		{790CB931-A9AA-44B6-8B2D-080739954CDE}.Release|Any CPU.ActiveCfg = Release|Any CPU
		{790CB931-A9AA-44B6-8B2D-080739954CDE}.Release|Any CPU.Build.0 = Release|Any CPU
		{790CB931-A9AA-44B6-8B2D-080739954CDE}.Release|x64.ActiveCfg = Release|Any CPU
		{790CB931-A9AA-44B6-8B2D-080739954CDE}.Release|x64.Build.0 = Release|Any CPU
		{790CB931-A9AA-44B6-8B2D-080739954CDE}.Release|x86.ActiveCfg = Release|Any CPU
		{790CB931-A9AA-44B6-8B2D-080739954CDE}.Release|x86.Build.0 = Release|Any CPU
		{01F79FA0-CA41-4096-BC2F-26BBA9F85D4E}.Debug|Any CPU.ActiveCfg = Debug|Any CPU
		{01F79FA0-CA41-4096-BC2F-26BBA9F85D4E}.Debug|Any CPU.Build.0 = Debug|Any CPU
		{01F79FA0-CA41-4096-BC2F-26BBA9F85D4E}.Debug|x64.ActiveCfg = Debug|Any CPU
		{01F79FA0-CA41-4096-BC2F-26BBA9F85D4E}.Debug|x64.Build.0 = Debug|Any CPU
		{01F79FA0-CA41-4096-BC2F-26BBA9F85D4E}.Debug|x86.ActiveCfg = Debug|Any CPU
		{01F79FA0-CA41-4096-BC2F-26BBA9F85D4E}.Debug|x86.Build.0 = Debug|Any CPU
		{01F79FA0-CA41-4096-BC2F-26BBA9F85D4E}.Release|Any CPU.ActiveCfg = Release|Any CPU
		{01F79FA0-CA41-4096-BC2F-26BBA9F85D4E}.Release|Any CPU.Build.0 = Release|Any CPU
		{01F79FA0-CA41-4096-BC2F-26BBA9F85D4E}.Release|x64.ActiveCfg = Release|Any CPU
		{01F79FA0-CA41-4096-BC2F-26BBA9F85D4E}.Release|x64.Build.0 = Release|Any CPU
		{01F79FA0-CA41-4096-BC2F-26BBA9F85D4E}.Release|x86.ActiveCfg = Release|Any CPU
		{01F79FA0-CA41-4096-BC2F-26BBA9F85D4E}.Release|x86.Build.0 = Release|Any CPU
		{B4E36442-657E-4FFB-B58F-C3425C7B1333}.Debug|Any CPU.ActiveCfg = Debug|Any CPU
		{B4E36442-657E-4FFB-B58F-C3425C7B1333}.Debug|Any CPU.Build.0 = Debug|Any CPU
		{B4E36442-657E-4FFB-B58F-C3425C7B1333}.Debug|x64.ActiveCfg = Debug|Any CPU
		{B4E36442-657E-4FFB-B58F-C3425C7B1333}.Debug|x64.Build.0 = Debug|Any CPU
		{B4E36442-657E-4FFB-B58F-C3425C7B1333}.Debug|x86.ActiveCfg = Debug|Any CPU
		{B4E36442-657E-4FFB-B58F-C3425C7B1333}.Debug|x86.Build.0 = Debug|Any CPU
		{B4E36442-657E-4FFB-B58F-C3425C7B1333}.Release|Any CPU.ActiveCfg = Release|Any CPU
		{B4E36442-657E-4FFB-B58F-C3425C7B1333}.Release|Any CPU.Build.0 = Release|Any CPU
		{B4E36442-657E-4FFB-B58F-C3425C7B1333}.Release|x64.ActiveCfg = Release|Any CPU
		{B4E36442-657E-4FFB-B58F-C3425C7B1333}.Release|x64.Build.0 = Release|Any CPU
		{B4E36442-657E-4FFB-B58F-C3425C7B1333}.Release|x86.ActiveCfg = Release|Any CPU
		{B4E36442-657E-4FFB-B58F-C3425C7B1333}.Release|x86.Build.0 = Release|Any CPU
		{364EB31E-C31B-4874-AA82-5524BA8D06B9}.Debug|Any CPU.ActiveCfg = Debug|Any CPU
		{364EB31E-C31B-4874-AA82-5524BA8D06B9}.Debug|Any CPU.Build.0 = Debug|Any CPU
		{364EB31E-C31B-4874-AA82-5524BA8D06B9}.Debug|x64.ActiveCfg = Debug|Any CPU
		{364EB31E-C31B-4874-AA82-5524BA8D06B9}.Debug|x64.Build.0 = Debug|Any CPU
		{364EB31E-C31B-4874-AA82-5524BA8D06B9}.Debug|x86.ActiveCfg = Debug|Any CPU
		{364EB31E-C31B-4874-AA82-5524BA8D06B9}.Debug|x86.Build.0 = Debug|Any CPU
		{364EB31E-C31B-4874-AA82-5524BA8D06B9}.Release|Any CPU.ActiveCfg = Release|Any CPU
		{364EB31E-C31B-4874-AA82-5524BA8D06B9}.Release|Any CPU.Build.0 = Release|Any CPU
		{364EB31E-C31B-4874-AA82-5524BA8D06B9}.Release|x64.ActiveCfg = Release|Any CPU
		{364EB31E-C31B-4874-AA82-5524BA8D06B9}.Release|x64.Build.0 = Release|Any CPU
		{364EB31E-C31B-4874-AA82-5524BA8D06B9}.Release|x86.ActiveCfg = Release|Any CPU
		{364EB31E-C31B-4874-AA82-5524BA8D06B9}.Release|x86.Build.0 = Release|Any CPU
		{D536C0F8-B114-4F10-8D9F-152D9DA49742}.Debug|Any CPU.ActiveCfg = Debug|Any CPU
		{D536C0F8-B114-4F10-8D9F-152D9DA49742}.Debug|Any CPU.Build.0 = Debug|Any CPU
		{D536C0F8-B114-4F10-8D9F-152D9DA49742}.Debug|x64.ActiveCfg = Debug|Any CPU
		{D536C0F8-B114-4F10-8D9F-152D9DA49742}.Debug|x64.Build.0 = Debug|Any CPU
		{D536C0F8-B114-4F10-8D9F-152D9DA49742}.Debug|x86.ActiveCfg = Debug|Any CPU
		{D536C0F8-B114-4F10-8D9F-152D9DA49742}.Debug|x86.Build.0 = Debug|Any CPU
		{D536C0F8-B114-4F10-8D9F-152D9DA49742}.Release|Any CPU.ActiveCfg = Release|Any CPU
		{D536C0F8-B114-4F10-8D9F-152D9DA49742}.Release|Any CPU.Build.0 = Release|Any CPU
		{D536C0F8-B114-4F10-8D9F-152D9DA49742}.Release|x64.ActiveCfg = Release|Any CPU
		{D536C0F8-B114-4F10-8D9F-152D9DA49742}.Release|x64.Build.0 = Release|Any CPU
		{D536C0F8-B114-4F10-8D9F-152D9DA49742}.Release|x86.ActiveCfg = Release|Any CPU
		{D536C0F8-B114-4F10-8D9F-152D9DA49742}.Release|x86.Build.0 = Release|Any CPU
		{CCDB3ED3-DEFF-4AE1-84DD-2131D1F5F41C}.Debug|Any CPU.ActiveCfg = Debug|Any CPU
		{CCDB3ED3-DEFF-4AE1-84DD-2131D1F5F41C}.Debug|Any CPU.Build.0 = Debug|Any CPU
		{CCDB3ED3-DEFF-4AE1-84DD-2131D1F5F41C}.Debug|x64.ActiveCfg = Debug|Any CPU
		{CCDB3ED3-DEFF-4AE1-84DD-2131D1F5F41C}.Debug|x64.Build.0 = Debug|Any CPU
		{CCDB3ED3-DEFF-4AE1-84DD-2131D1F5F41C}.Debug|x86.ActiveCfg = Debug|Any CPU
		{CCDB3ED3-DEFF-4AE1-84DD-2131D1F5F41C}.Debug|x86.Build.0 = Debug|Any CPU
		{CCDB3ED3-DEFF-4AE1-84DD-2131D1F5F41C}.Release|Any CPU.ActiveCfg = Release|Any CPU
		{CCDB3ED3-DEFF-4AE1-84DD-2131D1F5F41C}.Release|Any CPU.Build.0 = Release|Any CPU
		{CCDB3ED3-DEFF-4AE1-84DD-2131D1F5F41C}.Release|x64.ActiveCfg = Release|Any CPU
		{CCDB3ED3-DEFF-4AE1-84DD-2131D1F5F41C}.Release|x64.Build.0 = Release|Any CPU
		{CCDB3ED3-DEFF-4AE1-84DD-2131D1F5F41C}.Release|x86.ActiveCfg = Release|Any CPU
		{CCDB3ED3-DEFF-4AE1-84DD-2131D1F5F41C}.Release|x86.Build.0 = Release|Any CPU
		{5DA56A07-AD4D-4843-A876-FFEA5C2BAC11}.Debug|Any CPU.ActiveCfg = Debug|Any CPU
		{5DA56A07-AD4D-4843-A876-FFEA5C2BAC11}.Debug|Any CPU.Build.0 = Debug|Any CPU
		{5DA56A07-AD4D-4843-A876-FFEA5C2BAC11}.Debug|x64.ActiveCfg = Debug|Any CPU
		{5DA56A07-AD4D-4843-A876-FFEA5C2BAC11}.Debug|x64.Build.0 = Debug|Any CPU
		{5DA56A07-AD4D-4843-A876-FFEA5C2BAC11}.Debug|x86.ActiveCfg = Debug|Any CPU
		{5DA56A07-AD4D-4843-A876-FFEA5C2BAC11}.Debug|x86.Build.0 = Debug|Any CPU
		{5DA56A07-AD4D-4843-A876-FFEA5C2BAC11}.Release|Any CPU.ActiveCfg = Release|Any CPU
		{5DA56A07-AD4D-4843-A876-FFEA5C2BAC11}.Release|Any CPU.Build.0 = Release|Any CPU
		{5DA56A07-AD4D-4843-A876-FFEA5C2BAC11}.Release|x64.ActiveCfg = Release|Any CPU
		{5DA56A07-AD4D-4843-A876-FFEA5C2BAC11}.Release|x64.Build.0 = Release|Any CPU
		{5DA56A07-AD4D-4843-A876-FFEA5C2BAC11}.Release|x86.ActiveCfg = Release|Any CPU
		{5DA56A07-AD4D-4843-A876-FFEA5C2BAC11}.Release|x86.Build.0 = Release|Any CPU
		{76DE0424-A676-4797-BE13-FF716C70296C}.Debug|Any CPU.ActiveCfg = Debug|Any CPU
		{76DE0424-A676-4797-BE13-FF716C70296C}.Debug|Any CPU.Build.0 = Debug|Any CPU
		{76DE0424-A676-4797-BE13-FF716C70296C}.Debug|x64.ActiveCfg = Debug|Any CPU
		{76DE0424-A676-4797-BE13-FF716C70296C}.Debug|x64.Build.0 = Debug|Any CPU
		{76DE0424-A676-4797-BE13-FF716C70296C}.Debug|x86.ActiveCfg = Debug|Any CPU
		{76DE0424-A676-4797-BE13-FF716C70296C}.Debug|x86.Build.0 = Debug|Any CPU
		{76DE0424-A676-4797-BE13-FF716C70296C}.Release|Any CPU.ActiveCfg = Release|Any CPU
		{76DE0424-A676-4797-BE13-FF716C70296C}.Release|Any CPU.Build.0 = Release|Any CPU
		{76DE0424-A676-4797-BE13-FF716C70296C}.Release|x64.ActiveCfg = Release|Any CPU
		{76DE0424-A676-4797-BE13-FF716C70296C}.Release|x64.Build.0 = Release|Any CPU
		{76DE0424-A676-4797-BE13-FF716C70296C}.Release|x86.ActiveCfg = Release|Any CPU
		{76DE0424-A676-4797-BE13-FF716C70296C}.Release|x86.Build.0 = Release|Any CPU
		{1A88A3E9-B811-466D-BE9C-88D425D571BF}.Debug|Any CPU.ActiveCfg = Debug|Any CPU
		{1A88A3E9-B811-466D-BE9C-88D425D571BF}.Debug|Any CPU.Build.0 = Debug|Any CPU
		{1A88A3E9-B811-466D-BE9C-88D425D571BF}.Debug|x64.ActiveCfg = Debug|Any CPU
		{1A88A3E9-B811-466D-BE9C-88D425D571BF}.Debug|x64.Build.0 = Debug|Any CPU
		{1A88A3E9-B811-466D-BE9C-88D425D571BF}.Debug|x86.ActiveCfg = Debug|Any CPU
		{1A88A3E9-B811-466D-BE9C-88D425D571BF}.Debug|x86.Build.0 = Debug|Any CPU
		{1A88A3E9-B811-466D-BE9C-88D425D571BF}.Release|Any CPU.ActiveCfg = Release|Any CPU
		{1A88A3E9-B811-466D-BE9C-88D425D571BF}.Release|Any CPU.Build.0 = Release|Any CPU
		{1A88A3E9-B811-466D-BE9C-88D425D571BF}.Release|x64.ActiveCfg = Release|Any CPU
		{1A88A3E9-B811-466D-BE9C-88D425D571BF}.Release|x64.Build.0 = Release|Any CPU
		{1A88A3E9-B811-466D-BE9C-88D425D571BF}.Release|x86.ActiveCfg = Release|Any CPU
		{1A88A3E9-B811-466D-BE9C-88D425D571BF}.Release|x86.Build.0 = Release|Any CPU
		{A9B562E3-C1DA-497D-81C3-65251EB242D1}.Debug|Any CPU.ActiveCfg = Debug|Any CPU
		{A9B562E3-C1DA-497D-81C3-65251EB242D1}.Debug|Any CPU.Build.0 = Debug|Any CPU
		{A9B562E3-C1DA-497D-81C3-65251EB242D1}.Debug|x64.ActiveCfg = Debug|Any CPU
		{A9B562E3-C1DA-497D-81C3-65251EB242D1}.Debug|x64.Build.0 = Debug|Any CPU
		{A9B562E3-C1DA-497D-81C3-65251EB242D1}.Debug|x86.ActiveCfg = Debug|Any CPU
		{A9B562E3-C1DA-497D-81C3-65251EB242D1}.Debug|x86.Build.0 = Debug|Any CPU
		{A9B562E3-C1DA-497D-81C3-65251EB242D1}.Release|Any CPU.ActiveCfg = Release|Any CPU
		{A9B562E3-C1DA-497D-81C3-65251EB242D1}.Release|Any CPU.Build.0 = Release|Any CPU
		{A9B562E3-C1DA-497D-81C3-65251EB242D1}.Release|x64.ActiveCfg = Release|Any CPU
		{A9B562E3-C1DA-497D-81C3-65251EB242D1}.Release|x64.Build.0 = Release|Any CPU
		{A9B562E3-C1DA-497D-81C3-65251EB242D1}.Release|x86.ActiveCfg = Release|Any CPU
		{A9B562E3-C1DA-497D-81C3-65251EB242D1}.Release|x86.Build.0 = Release|Any CPU
		{7817CECD-0755-423A-8196-1D34975018A7}.Debug|Any CPU.ActiveCfg = Debug|Any CPU
		{7817CECD-0755-423A-8196-1D34975018A7}.Debug|Any CPU.Build.0 = Debug|Any CPU
		{7817CECD-0755-423A-8196-1D34975018A7}.Debug|x64.ActiveCfg = Debug|Any CPU
		{7817CECD-0755-423A-8196-1D34975018A7}.Debug|x64.Build.0 = Debug|Any CPU
		{7817CECD-0755-423A-8196-1D34975018A7}.Debug|x86.ActiveCfg = Debug|Any CPU
		{7817CECD-0755-423A-8196-1D34975018A7}.Debug|x86.Build.0 = Debug|Any CPU
		{7817CECD-0755-423A-8196-1D34975018A7}.Release|Any CPU.ActiveCfg = Release|Any CPU
		{7817CECD-0755-423A-8196-1D34975018A7}.Release|Any CPU.Build.0 = Release|Any CPU
		{7817CECD-0755-423A-8196-1D34975018A7}.Release|x64.ActiveCfg = Release|Any CPU
		{7817CECD-0755-423A-8196-1D34975018A7}.Release|x64.Build.0 = Release|Any CPU
		{7817CECD-0755-423A-8196-1D34975018A7}.Release|x86.ActiveCfg = Release|Any CPU
		{7817CECD-0755-423A-8196-1D34975018A7}.Release|x86.Build.0 = Release|Any CPU
		{E6E6D3BF-7D06-4E21-90E9-4DE8856A1E3F}.Debug|Any CPU.ActiveCfg = Debug|Any CPU
		{E6E6D3BF-7D06-4E21-90E9-4DE8856A1E3F}.Debug|Any CPU.Build.0 = Debug|Any CPU
		{E6E6D3BF-7D06-4E21-90E9-4DE8856A1E3F}.Debug|x64.ActiveCfg = Debug|Any CPU
		{E6E6D3BF-7D06-4E21-90E9-4DE8856A1E3F}.Debug|x64.Build.0 = Debug|Any CPU
		{E6E6D3BF-7D06-4E21-90E9-4DE8856A1E3F}.Debug|x86.ActiveCfg = Debug|Any CPU
		{E6E6D3BF-7D06-4E21-90E9-4DE8856A1E3F}.Debug|x86.Build.0 = Debug|Any CPU
		{E6E6D3BF-7D06-4E21-90E9-4DE8856A1E3F}.Release|Any CPU.ActiveCfg = Release|Any CPU
		{E6E6D3BF-7D06-4E21-90E9-4DE8856A1E3F}.Release|Any CPU.Build.0 = Release|Any CPU
		{E6E6D3BF-7D06-4E21-90E9-4DE8856A1E3F}.Release|x64.ActiveCfg = Release|Any CPU
		{E6E6D3BF-7D06-4E21-90E9-4DE8856A1E3F}.Release|x64.Build.0 = Release|Any CPU
		{E6E6D3BF-7D06-4E21-90E9-4DE8856A1E3F}.Release|x86.ActiveCfg = Release|Any CPU
		{E6E6D3BF-7D06-4E21-90E9-4DE8856A1E3F}.Release|x86.Build.0 = Release|Any CPU
		{34FA474D-D6A3-4B62-ABC7-CDD780332484}.Debug|Any CPU.ActiveCfg = Debug|Any CPU
		{34FA474D-D6A3-4B62-ABC7-CDD780332484}.Debug|Any CPU.Build.0 = Debug|Any CPU
		{34FA474D-D6A3-4B62-ABC7-CDD780332484}.Debug|x64.ActiveCfg = Debug|Any CPU
		{34FA474D-D6A3-4B62-ABC7-CDD780332484}.Debug|x64.Build.0 = Debug|Any CPU
		{34FA474D-D6A3-4B62-ABC7-CDD780332484}.Debug|x86.ActiveCfg = Debug|Any CPU
		{34FA474D-D6A3-4B62-ABC7-CDD780332484}.Debug|x86.Build.0 = Debug|Any CPU
		{34FA474D-D6A3-4B62-ABC7-CDD780332484}.Release|Any CPU.ActiveCfg = Release|Any CPU
		{34FA474D-D6A3-4B62-ABC7-CDD780332484}.Release|Any CPU.Build.0 = Release|Any CPU
		{34FA474D-D6A3-4B62-ABC7-CDD780332484}.Release|x64.ActiveCfg = Release|Any CPU
		{34FA474D-D6A3-4B62-ABC7-CDD780332484}.Release|x64.Build.0 = Release|Any CPU
		{34FA474D-D6A3-4B62-ABC7-CDD780332484}.Release|x86.ActiveCfg = Release|Any CPU
		{34FA474D-D6A3-4B62-ABC7-CDD780332484}.Release|x86.Build.0 = Release|Any CPU
		{0048AB41-5654-47F0-ABD5-1646F7D7706D}.Debug|Any CPU.ActiveCfg = Debug|Any CPU
		{0048AB41-5654-47F0-ABD5-1646F7D7706D}.Debug|Any CPU.Build.0 = Debug|Any CPU
		{0048AB41-5654-47F0-ABD5-1646F7D7706D}.Debug|x64.ActiveCfg = Debug|Any CPU
		{0048AB41-5654-47F0-ABD5-1646F7D7706D}.Debug|x64.Build.0 = Debug|Any CPU
		{0048AB41-5654-47F0-ABD5-1646F7D7706D}.Debug|x86.ActiveCfg = Debug|Any CPU
		{0048AB41-5654-47F0-ABD5-1646F7D7706D}.Debug|x86.Build.0 = Debug|Any CPU
		{0048AB41-5654-47F0-ABD5-1646F7D7706D}.Release|Any CPU.ActiveCfg = Release|Any CPU
		{0048AB41-5654-47F0-ABD5-1646F7D7706D}.Release|Any CPU.Build.0 = Release|Any CPU
		{0048AB41-5654-47F0-ABD5-1646F7D7706D}.Release|x64.ActiveCfg = Release|Any CPU
		{0048AB41-5654-47F0-ABD5-1646F7D7706D}.Release|x64.Build.0 = Release|Any CPU
		{0048AB41-5654-47F0-ABD5-1646F7D7706D}.Release|x86.ActiveCfg = Release|Any CPU
		{0048AB41-5654-47F0-ABD5-1646F7D7706D}.Release|x86.Build.0 = Release|Any CPU
		{EA15A504-2EE5-4A75-960C-DA6A957A98AC}.Debug|Any CPU.ActiveCfg = Debug|Any CPU
		{EA15A504-2EE5-4A75-960C-DA6A957A98AC}.Debug|Any CPU.Build.0 = Debug|Any CPU
		{EA15A504-2EE5-4A75-960C-DA6A957A98AC}.Debug|x64.ActiveCfg = Debug|Any CPU
		{EA15A504-2EE5-4A75-960C-DA6A957A98AC}.Debug|x64.Build.0 = Debug|Any CPU
		{EA15A504-2EE5-4A75-960C-DA6A957A98AC}.Debug|x86.ActiveCfg = Debug|Any CPU
		{EA15A504-2EE5-4A75-960C-DA6A957A98AC}.Debug|x86.Build.0 = Debug|Any CPU
		{EA15A504-2EE5-4A75-960C-DA6A957A98AC}.Release|Any CPU.ActiveCfg = Release|Any CPU
		{EA15A504-2EE5-4A75-960C-DA6A957A98AC}.Release|Any CPU.Build.0 = Release|Any CPU
		{EA15A504-2EE5-4A75-960C-DA6A957A98AC}.Release|x64.ActiveCfg = Release|Any CPU
		{EA15A504-2EE5-4A75-960C-DA6A957A98AC}.Release|x64.Build.0 = Release|Any CPU
		{EA15A504-2EE5-4A75-960C-DA6A957A98AC}.Release|x86.ActiveCfg = Release|Any CPU
		{EA15A504-2EE5-4A75-960C-DA6A957A98AC}.Release|x86.Build.0 = Release|Any CPU
		{A48D1A49-9DD9-4D15-AC10-891EE02C8D69}.Debug|Any CPU.ActiveCfg = Debug|Any CPU
		{A48D1A49-9DD9-4D15-AC10-891EE02C8D69}.Debug|Any CPU.Build.0 = Debug|Any CPU
		{A48D1A49-9DD9-4D15-AC10-891EE02C8D69}.Debug|x64.ActiveCfg = Debug|Any CPU
		{A48D1A49-9DD9-4D15-AC10-891EE02C8D69}.Debug|x64.Build.0 = Debug|Any CPU
		{A48D1A49-9DD9-4D15-AC10-891EE02C8D69}.Debug|x86.ActiveCfg = Debug|Any CPU
		{A48D1A49-9DD9-4D15-AC10-891EE02C8D69}.Debug|x86.Build.0 = Debug|Any CPU
		{A48D1A49-9DD9-4D15-AC10-891EE02C8D69}.Release|Any CPU.ActiveCfg = Release|Any CPU
		{A48D1A49-9DD9-4D15-AC10-891EE02C8D69}.Release|Any CPU.Build.0 = Release|Any CPU
		{A48D1A49-9DD9-4D15-AC10-891EE02C8D69}.Release|x64.ActiveCfg = Release|Any CPU
		{A48D1A49-9DD9-4D15-AC10-891EE02C8D69}.Release|x64.Build.0 = Release|Any CPU
		{A48D1A49-9DD9-4D15-AC10-891EE02C8D69}.Release|x86.ActiveCfg = Release|Any CPU
		{A48D1A49-9DD9-4D15-AC10-891EE02C8D69}.Release|x86.Build.0 = Release|Any CPU
		{4CCB4813-588C-460F-B302-89F664642F01}.Debug|Any CPU.ActiveCfg = Debug|Any CPU
		{4CCB4813-588C-460F-B302-89F664642F01}.Debug|Any CPU.Build.0 = Debug|Any CPU
		{4CCB4813-588C-460F-B302-89F664642F01}.Debug|x64.ActiveCfg = Debug|Any CPU
		{4CCB4813-588C-460F-B302-89F664642F01}.Debug|x64.Build.0 = Debug|Any CPU
		{4CCB4813-588C-460F-B302-89F664642F01}.Debug|x86.ActiveCfg = Debug|Any CPU
		{4CCB4813-588C-460F-B302-89F664642F01}.Debug|x86.Build.0 = Debug|Any CPU
		{4CCB4813-588C-460F-B302-89F664642F01}.Release|Any CPU.ActiveCfg = Release|Any CPU
		{4CCB4813-588C-460F-B302-89F664642F01}.Release|Any CPU.Build.0 = Release|Any CPU
		{4CCB4813-588C-460F-B302-89F664642F01}.Release|x64.ActiveCfg = Release|Any CPU
		{4CCB4813-588C-460F-B302-89F664642F01}.Release|x64.Build.0 = Release|Any CPU
		{4CCB4813-588C-460F-B302-89F664642F01}.Release|x86.ActiveCfg = Release|Any CPU
		{4CCB4813-588C-460F-B302-89F664642F01}.Release|x86.Build.0 = Release|Any CPU
		{711FF0CB-546B-442F-AC7D-F479209E40CF}.Debug|Any CPU.ActiveCfg = Debug|Any CPU
		{711FF0CB-546B-442F-AC7D-F479209E40CF}.Debug|Any CPU.Build.0 = Debug|Any CPU
		{711FF0CB-546B-442F-AC7D-F479209E40CF}.Debug|x64.ActiveCfg = Debug|Any CPU
		{711FF0CB-546B-442F-AC7D-F479209E40CF}.Debug|x64.Build.0 = Debug|Any CPU
		{711FF0CB-546B-442F-AC7D-F479209E40CF}.Debug|x86.ActiveCfg = Debug|Any CPU
		{711FF0CB-546B-442F-AC7D-F479209E40CF}.Debug|x86.Build.0 = Debug|Any CPU
		{711FF0CB-546B-442F-AC7D-F479209E40CF}.Release|Any CPU.ActiveCfg = Release|Any CPU
		{711FF0CB-546B-442F-AC7D-F479209E40CF}.Release|Any CPU.Build.0 = Release|Any CPU
		{711FF0CB-546B-442F-AC7D-F479209E40CF}.Release|x64.ActiveCfg = Release|Any CPU
		{711FF0CB-546B-442F-AC7D-F479209E40CF}.Release|x64.Build.0 = Release|Any CPU
		{711FF0CB-546B-442F-AC7D-F479209E40CF}.Release|x86.ActiveCfg = Release|Any CPU
		{711FF0CB-546B-442F-AC7D-F479209E40CF}.Release|x86.Build.0 = Release|Any CPU
		{0AF32AE0-DF2A-44BA-82AD-59F008B5AD33}.Debug|Any CPU.ActiveCfg = Debug|Any CPU
		{0AF32AE0-DF2A-44BA-82AD-59F008B5AD33}.Debug|Any CPU.Build.0 = Debug|Any CPU
		{0AF32AE0-DF2A-44BA-82AD-59F008B5AD33}.Debug|x64.ActiveCfg = Debug|Any CPU
		{0AF32AE0-DF2A-44BA-82AD-59F008B5AD33}.Debug|x64.Build.0 = Debug|Any CPU
		{0AF32AE0-DF2A-44BA-82AD-59F008B5AD33}.Debug|x86.ActiveCfg = Debug|Any CPU
		{0AF32AE0-DF2A-44BA-82AD-59F008B5AD33}.Debug|x86.Build.0 = Debug|Any CPU
		{0AF32AE0-DF2A-44BA-82AD-59F008B5AD33}.Release|Any CPU.ActiveCfg = Release|Any CPU
		{0AF32AE0-DF2A-44BA-82AD-59F008B5AD33}.Release|Any CPU.Build.0 = Release|Any CPU
		{0AF32AE0-DF2A-44BA-82AD-59F008B5AD33}.Release|x64.ActiveCfg = Release|Any CPU
		{0AF32AE0-DF2A-44BA-82AD-59F008B5AD33}.Release|x64.Build.0 = Release|Any CPU
		{0AF32AE0-DF2A-44BA-82AD-59F008B5AD33}.Release|x86.ActiveCfg = Release|Any CPU
		{0AF32AE0-DF2A-44BA-82AD-59F008B5AD33}.Release|x86.Build.0 = Release|Any CPU
		{20EA6A5C-18BE-46DF-BB4D-3F709B779B5E}.Debug|Any CPU.ActiveCfg = Debug|Any CPU
		{20EA6A5C-18BE-46DF-BB4D-3F709B779B5E}.Debug|Any CPU.Build.0 = Debug|Any CPU
		{20EA6A5C-18BE-46DF-BB4D-3F709B779B5E}.Debug|x64.ActiveCfg = Debug|Any CPU
		{20EA6A5C-18BE-46DF-BB4D-3F709B779B5E}.Debug|x64.Build.0 = Debug|Any CPU
		{20EA6A5C-18BE-46DF-BB4D-3F709B779B5E}.Debug|x86.ActiveCfg = Debug|Any CPU
		{20EA6A5C-18BE-46DF-BB4D-3F709B779B5E}.Debug|x86.Build.0 = Debug|Any CPU
		{20EA6A5C-18BE-46DF-BB4D-3F709B779B5E}.Release|Any CPU.ActiveCfg = Release|Any CPU
		{20EA6A5C-18BE-46DF-BB4D-3F709B779B5E}.Release|Any CPU.Build.0 = Release|Any CPU
		{20EA6A5C-18BE-46DF-BB4D-3F709B779B5E}.Release|x64.ActiveCfg = Release|Any CPU
		{20EA6A5C-18BE-46DF-BB4D-3F709B779B5E}.Release|x64.Build.0 = Release|Any CPU
		{20EA6A5C-18BE-46DF-BB4D-3F709B779B5E}.Release|x86.ActiveCfg = Release|Any CPU
		{20EA6A5C-18BE-46DF-BB4D-3F709B779B5E}.Release|x86.Build.0 = Release|Any CPU
		{C8BD08F5-485B-4833-9AD3-1CF7AC6B3B4D}.Debug|Any CPU.ActiveCfg = Debug|Any CPU
		{C8BD08F5-485B-4833-9AD3-1CF7AC6B3B4D}.Debug|Any CPU.Build.0 = Debug|Any CPU
		{C8BD08F5-485B-4833-9AD3-1CF7AC6B3B4D}.Debug|x64.ActiveCfg = Debug|Any CPU
		{C8BD08F5-485B-4833-9AD3-1CF7AC6B3B4D}.Debug|x64.Build.0 = Debug|Any CPU
		{C8BD08F5-485B-4833-9AD3-1CF7AC6B3B4D}.Debug|x86.ActiveCfg = Debug|Any CPU
		{C8BD08F5-485B-4833-9AD3-1CF7AC6B3B4D}.Debug|x86.Build.0 = Debug|Any CPU
		{C8BD08F5-485B-4833-9AD3-1CF7AC6B3B4D}.Release|Any CPU.ActiveCfg = Release|Any CPU
		{C8BD08F5-485B-4833-9AD3-1CF7AC6B3B4D}.Release|Any CPU.Build.0 = Release|Any CPU
		{C8BD08F5-485B-4833-9AD3-1CF7AC6B3B4D}.Release|x64.ActiveCfg = Release|Any CPU
		{C8BD08F5-485B-4833-9AD3-1CF7AC6B3B4D}.Release|x64.Build.0 = Release|Any CPU
		{C8BD08F5-485B-4833-9AD3-1CF7AC6B3B4D}.Release|x86.ActiveCfg = Release|Any CPU
		{C8BD08F5-485B-4833-9AD3-1CF7AC6B3B4D}.Release|x86.Build.0 = Release|Any CPU
		{0354ACD6-DCAB-4441-86F9-09B6D2E39EC4}.Debug|Any CPU.ActiveCfg = Debug|Any CPU
		{0354ACD6-DCAB-4441-86F9-09B6D2E39EC4}.Debug|Any CPU.Build.0 = Debug|Any CPU
		{0354ACD6-DCAB-4441-86F9-09B6D2E39EC4}.Debug|x64.ActiveCfg = Debug|Any CPU
		{0354ACD6-DCAB-4441-86F9-09B6D2E39EC4}.Debug|x64.Build.0 = Debug|Any CPU
		{0354ACD6-DCAB-4441-86F9-09B6D2E39EC4}.Debug|x86.ActiveCfg = Debug|Any CPU
		{0354ACD6-DCAB-4441-86F9-09B6D2E39EC4}.Debug|x86.Build.0 = Debug|Any CPU
		{0354ACD6-DCAB-4441-86F9-09B6D2E39EC4}.Release|Any CPU.ActiveCfg = Release|Any CPU
		{0354ACD6-DCAB-4441-86F9-09B6D2E39EC4}.Release|Any CPU.Build.0 = Release|Any CPU
		{0354ACD6-DCAB-4441-86F9-09B6D2E39EC4}.Release|x64.ActiveCfg = Release|Any CPU
		{0354ACD6-DCAB-4441-86F9-09B6D2E39EC4}.Release|x64.Build.0 = Release|Any CPU
		{0354ACD6-DCAB-4441-86F9-09B6D2E39EC4}.Release|x86.ActiveCfg = Release|Any CPU
		{0354ACD6-DCAB-4441-86F9-09B6D2E39EC4}.Release|x86.Build.0 = Release|Any CPU
		{971E05C1-D489-4E23-A5D8-6629EBD2295A}.Debug|Any CPU.ActiveCfg = Debug|Any CPU
		{971E05C1-D489-4E23-A5D8-6629EBD2295A}.Debug|Any CPU.Build.0 = Debug|Any CPU
		{971E05C1-D489-4E23-A5D8-6629EBD2295A}.Debug|x64.ActiveCfg = Debug|Any CPU
		{971E05C1-D489-4E23-A5D8-6629EBD2295A}.Debug|x64.Build.0 = Debug|Any CPU
		{971E05C1-D489-4E23-A5D8-6629EBD2295A}.Debug|x86.ActiveCfg = Debug|Any CPU
		{971E05C1-D489-4E23-A5D8-6629EBD2295A}.Debug|x86.Build.0 = Debug|Any CPU
		{971E05C1-D489-4E23-A5D8-6629EBD2295A}.Release|Any CPU.ActiveCfg = Release|Any CPU
		{971E05C1-D489-4E23-A5D8-6629EBD2295A}.Release|Any CPU.Build.0 = Release|Any CPU
		{971E05C1-D489-4E23-A5D8-6629EBD2295A}.Release|x64.ActiveCfg = Release|Any CPU
		{971E05C1-D489-4E23-A5D8-6629EBD2295A}.Release|x64.Build.0 = Release|Any CPU
		{971E05C1-D489-4E23-A5D8-6629EBD2295A}.Release|x86.ActiveCfg = Release|Any CPU
		{971E05C1-D489-4E23-A5D8-6629EBD2295A}.Release|x86.Build.0 = Release|Any CPU
	EndGlobalSection
	GlobalSection(SolutionProperties) = preSolution
		HideSolutionNode = FALSE
	EndGlobalSection
	GlobalSection(NestedProjects) = preSolution
		{BFF82F62-49BB-4B0E-9237-45249A41E235} = {6FD506B3-14CF-45F3-A11F-EB8C831991E2}
		{B33BF85C-5F4A-4DB2-BFA2-A62CF1ACBEBC} = {4FC3071A-F3AC-4D1F-8C73-FBD40A73FECE}
		{136BC955-3AB3-42D8-8E46-C8680F94B4E7} = {4FC3071A-F3AC-4D1F-8C73-FBD40A73FECE}
		{FA7F6707-61E4-4EF8-9BA2-75CF5E3A0CA7} = {47F53610-2510-4EC0-BF22-554B68334224}
		{790CB931-A9AA-44B6-8B2D-080739954CDE} = {47F53610-2510-4EC0-BF22-554B68334224}
		{01F79FA0-CA41-4096-BC2F-26BBA9F85D4E} = {47F53610-2510-4EC0-BF22-554B68334224}
		{B4E36442-657E-4FFB-B58F-C3425C7B1333} = {47F53610-2510-4EC0-BF22-554B68334224}
		{364EB31E-C31B-4874-AA82-5524BA8D06B9} = {A60A708F-FB76-474D-BC78-75770742423D}
		{D536C0F8-B114-4F10-8D9F-152D9DA49742} = {A60A708F-FB76-474D-BC78-75770742423D}
		{CCDB3ED3-DEFF-4AE1-84DD-2131D1F5F41C} = {47F53610-2510-4EC0-BF22-554B68334224}
		{5DA56A07-AD4D-4843-A876-FFEA5C2BAC11} = {4FC3071A-F3AC-4D1F-8C73-FBD40A73FECE}
		{76DE0424-A676-4797-BE13-FF716C70296C} = {36B710DB-96D4-4B92-90BD-54636B2D48E1}
		{1A88A3E9-B811-466D-BE9C-88D425D571BF} = {36B710DB-96D4-4B92-90BD-54636B2D48E1}
		{A9B562E3-C1DA-497D-81C3-65251EB242D1} = {36B710DB-96D4-4B92-90BD-54636B2D48E1}
		{7817CECD-0755-423A-8196-1D34975018A7} = {486A1187-8515-43B7-8075-1DFC7B95B987}
		{E6E6D3BF-7D06-4E21-90E9-4DE8856A1E3F} = {486A1187-8515-43B7-8075-1DFC7B95B987}
		{34FA474D-D6A3-4B62-ABC7-CDD780332484} = {486A1187-8515-43B7-8075-1DFC7B95B987}
		{0048AB41-5654-47F0-ABD5-1646F7D7706D} = {776AE86F-6A81-4B69-A48A-88A9293EB425}
		{EA15A504-2EE5-4A75-960C-DA6A957A98AC} = {776AE86F-6A81-4B69-A48A-88A9293EB425}
		{A48D1A49-9DD9-4D15-AC10-891EE02C8D69} = {776AE86F-6A81-4B69-A48A-88A9293EB425}
		{4CCB4813-588C-460F-B302-89F664642F01} = {776AE86F-6A81-4B69-A48A-88A9293EB425}
		{711FF0CB-546B-442F-AC7D-F479209E40CF} = {776AE86F-6A81-4B69-A48A-88A9293EB425}
		{0AF32AE0-DF2A-44BA-82AD-59F008B5AD33} = {776AE86F-6A81-4B69-A48A-88A9293EB425}
		{20EA6A5C-18BE-46DF-BB4D-3F709B779B5E} = {776AE86F-6A81-4B69-A48A-88A9293EB425}
		{C8BD08F5-485B-4833-9AD3-1CF7AC6B3B4D} = {776AE86F-6A81-4B69-A48A-88A9293EB425}
		{0354ACD6-DCAB-4441-86F9-09B6D2E39EC4} = {776AE86F-6A81-4B69-A48A-88A9293EB425}
		{971E05C1-D489-4E23-A5D8-6629EBD2295A} = {776AE86F-6A81-4B69-A48A-88A9293EB425}
	EndGlobalSection
	GlobalSection(ExtensibilityGlobals) = postSolution
		SolutionGuid = {83CB65B8-011F-4ED7-BCD3-A6CFA935EF7E}
	EndGlobalSection
EndGlobal
