
Microsoft Visual Studio Solution File, Format Version 12.00
# Visual Studio Version 17
VisualStudioVersion = 17.3.32811.315
MinimumVisualStudioVersion = 10.0.40219.1
Project("{9A19103F-16F7-4668-BE54-9A1E7A4F7556}") = "MFPlayer", "MFPlayer\MFPlayer.csproj", "{EBFA8512-1EA5-4D8C-B4AC-AB5B48A6D568}"
EndProject
Project("{9A19103F-16F7-4668-BE54-9A1E7A4F7556}") = "MFPlayer.Desktop", "MFPlayer.Desktop\MFPlayer.Desktop.csproj", "{ABC31E74-02FF-46EB-B3B2-4E6AE43B456C}"
EndProject
Project("{2150E333-8FDC-42A3-9474-1A3956D46DE8}") = "Solution Items", "Solution Items", "{3DA99C4E-89E3-4049-9C22-0A7EC60D83D8}"
	ProjectSection(SolutionItems) = preProject
		Directory.Packages.props = Directory.Packages.props
	EndProjectSection
EndProject
Project("{2150E333-8FDC-42A3-9474-1A3956D46DE8}") = "MIDI", "MIDI", "{6FD506B3-14CF-45F3-A11F-EB8C831991E2}"
EndProject
Project("{FAE04EC0-301F-11D3-BF4B-00C04F79EFBC}") = "PMLib", "PMLib\PMLib.csproj", "{BFF82F62-49BB-4B0E-9237-45249A41E235}"
EndProject
Project("{2150E333-8FDC-42A3-9474-1A3956D46DE8}") = "Test", "Test", "{4FC3071A-F3AC-4D1F-8C73-FBD40A73FECE}"
EndProject
Project("{FAE04EC0-301F-11D3-BF4B-00C04F79EFBC}") = "AudioEx", "AudioEx\AudioEx.csproj", "{B33BF85C-5F4A-4DB2-BFA2-A62CF1ACBEBC}"
EndProject
Project("{FAE04EC0-301F-11D3-BF4B-00C04F79EFBC}") = "VideoTest", "VideoTest\VideoTest.csproj", "{136BC955-3AB3-42D8-8E46-C8680F94B4E7}"
EndProject
Project("{2150E333-8FDC-42A3-9474-1A3956D46DE8}") = "VideoLibs", "VideoLibs", "{47F53610-2510-4EC0-BF22-554B68334224}"
EndProject
Project("{FAE04EC0-301F-11D3-BF4B-00C04F79EFBC}") = "Seko.OwnAudioNET.Video", "Seko.OwnAudioNET.Video\Seko.OwnAudioNET.Video.csproj", "{FA7F6707-61E4-4EF8-9BA2-75CF5E3A0CA7}"
EndProject
Project("{FAE04EC0-301F-11D3-BF4B-00C04F79EFBC}") = "Seko.OwnAudioNET.Video.Avalonia", "Seko.OwnAudioNET.Video.Avalonia\Seko.OwnAudioNET.Video.Avalonia.csproj", "{790CB931-A9AA-44B6-8B2D-080739954CDE}"
EndProject
Project("{FAE04EC0-301F-11D3-BF4B-00C04F79EFBC}") = "Seko.OwnAudioNET.Video.SDL3", "Seko.OwnAudioNET.Video.SDL3\Seko.OwnAudioNET.Video.SDL3.csproj", "{01F79FA0-CA41-4096-BC2F-26BBA9F85D4E}"
EndProject
Global
	GlobalSection(SolutionConfigurationPlatforms) = preSolution
		Debug|Any CPU = Debug|Any CPU
		Release|Any CPU = Release|Any CPU
	EndGlobalSection
	GlobalSection(ProjectConfigurationPlatforms) = postSolution
		{EBFA8512-1EA5-4D8C-B4AC-AB5B48A6D568}.Debug|Any CPU.ActiveCfg = Debug|Any CPU
		{EBFA8512-1EA5-4D8C-B4AC-AB5B48A6D568}.Debug|Any CPU.Build.0 = Debug|Any CPU
		{EBFA8512-1EA5-4D8C-B4AC-AB5B48A6D568}.Release|Any CPU.ActiveCfg = Release|Any CPU
		{EBFA8512-1EA5-4D8C-B4AC-AB5B48A6D568}.Release|Any CPU.Build.0 = Release|Any CPU
		{ABC31E74-02FF-46EB-B3B2-4E6AE43B456C}.Debug|Any CPU.ActiveCfg = Debug|Any CPU
		{ABC31E74-02FF-46EB-B3B2-4E6AE43B456C}.Debug|Any CPU.Build.0 = Debug|Any CPU
		{ABC31E74-02FF-46EB-B3B2-4E6AE43B456C}.Release|Any CPU.ActiveCfg = Release|Any CPU
		{ABC31E74-02FF-46EB-B3B2-4E6AE43B456C}.Release|Any CPU.Build.0 = Release|Any CPU
		{BFF82F62-49BB-4B0E-9237-45249A41E235}.Debug|Any CPU.ActiveCfg = Debug|Any CPU
		{BFF82F62-49BB-4B0E-9237-45249A41E235}.Debug|Any CPU.Build.0 = Debug|Any CPU
		{BFF82F62-49BB-4B0E-9237-45249A41E235}.Release|Any CPU.ActiveCfg = Release|Any CPU
		{BFF82F62-49BB-4B0E-9237-45249A41E235}.Release|Any CPU.Build.0 = Release|Any CPU
		{B33BF85C-5F4A-4DB2-BFA2-A62CF1ACBEBC}.Debug|Any CPU.ActiveCfg = Debug|Any CPU
		{B33BF85C-5F4A-4DB2-BFA2-A62CF1ACBEBC}.Debug|Any CPU.Build.0 = Debug|Any CPU
		{B33BF85C-5F4A-4DB2-BFA2-A62CF1ACBEBC}.Release|Any CPU.ActiveCfg = Release|Any CPU
		{B33BF85C-5F4A-4DB2-BFA2-A62CF1ACBEBC}.Release|Any CPU.Build.0 = Release|Any CPU
		{136BC955-3AB3-42D8-8E46-C8680F94B4E7}.Debug|Any CPU.ActiveCfg = Debug|Any CPU
		{136BC955-3AB3-42D8-8E46-C8680F94B4E7}.Debug|Any CPU.Build.0 = Debug|Any CPU
		{136BC955-3AB3-42D8-8E46-C8680F94B4E7}.Release|Any CPU.ActiveCfg = Release|Any CPU
		{136BC955-3AB3-42D8-8E46-C8680F94B4E7}.Release|Any CPU.Build.0 = Release|Any CPU
		{FA7F6707-61E4-4EF8-9BA2-75CF5E3A0CA7}.Debug|Any CPU.ActiveCfg = Debug|Any CPU
		{FA7F6707-61E4-4EF8-9BA2-75CF5E3A0CA7}.Debug|Any CPU.Build.0 = Debug|Any CPU
		{FA7F6707-61E4-4EF8-9BA2-75CF5E3A0CA7}.Release|Any CPU.ActiveCfg = Release|Any CPU
		{FA7F6707-61E4-4EF8-9BA2-75CF5E3A0CA7}.Release|Any CPU.Build.0 = Release|Any CPU
		{790CB931-A9AA-44B6-8B2D-080739954CDE}.Debug|Any CPU.ActiveCfg = Debug|Any CPU
		{790CB931-A9AA-44B6-8B2D-080739954CDE}.Debug|Any CPU.Build.0 = Debug|Any CPU
		{790CB931-A9AA-44B6-8B2D-080739954CDE}.Release|Any CPU.ActiveCfg = Release|Any CPU
		{790CB931-A9AA-44B6-8B2D-080739954CDE}.Release|Any CPU.Build.0 = Release|Any CPU
		{01F79FA0-CA41-4096-BC2F-26BBA9F85D4E}.Debug|Any CPU.ActiveCfg = Debug|Any CPU
		{01F79FA0-CA41-4096-BC2F-26BBA9F85D4E}.Debug|Any CPU.Build.0 = Debug|Any CPU
		{01F79FA0-CA41-4096-BC2F-26BBA9F85D4E}.Release|Any CPU.ActiveCfg = Release|Any CPU
		{01F79FA0-CA41-4096-BC2F-26BBA9F85D4E}.Release|Any CPU.Build.0 = Release|Any CPU
	EndGlobalSection
	GlobalSection(SolutionProperties) = preSolution
		HideSolutionNode = FALSE
	EndGlobalSection
	GlobalSection(ExtensibilityGlobals) = postSolution
		SolutionGuid = {83CB65B8-011F-4ED7-BCD3-A6CFA935EF7E}
	EndGlobalSection
	GlobalSection(NestedProjects) = preSolution
		{BFF82F62-49BB-4B0E-9237-45249A41E235} = {6FD506B3-14CF-45F3-A11F-EB8C831991E2}
		{B33BF85C-5F4A-4DB2-BFA2-A62CF1ACBEBC} = {4FC3071A-F3AC-4D1F-8C73-FBD40A73FECE}
		{136BC955-3AB3-42D8-8E46-C8680F94B4E7} = {4FC3071A-F3AC-4D1F-8C73-FBD40A73FECE}
		{FA7F6707-61E4-4EF8-9BA2-75CF5E3A0CA7} = {47F53610-2510-4EC0-BF22-554B68334224}
		{790CB931-A9AA-44B6-8B2D-080739954CDE} = {47F53610-2510-4EC0-BF22-554B68334224}
		{01F79FA0-CA41-4096-BC2F-26BBA9F85D4E} = {47F53610-2510-4EC0-BF22-554B68334224}
	EndGlobalSection
EndGlobal
