
Microsoft Visual Studio Solution File, Format Version 12.00
# Visual Studio Version 17
VisualStudioVersion = 17.3.32811.315
MinimumVisualStudioVersion = 10.0.40219.1
Project("{2150E333-8FDC-42A3-9474-1A3956D46DE8}") = "Solution Items", "Solution Items", "{3DA99C4E-89E3-4049-9C22-0A7EC60D83D8}"
	ProjectSection(SolutionItems) = preProject
		Directory.Packages.props = Directory.Packages.props
	EndProjectSection
EndProject
Project("{2150E333-8FDC-42A3-9474-1A3956D46DE8}") = "MIDI", "MIDI", "{6FD506B3-14CF-45F3-A11F-EB8C831991E2}"
EndProject
Project("{FAE04EC0-301F-11D3-BF4B-00C04F79EFBC}") = "PMLib", "MIDI\PMLib\PMLib.csproj", "{BFF82F62-49BB-4B0E-9237-45249A41E235}"
EndProject
Project("{2150E333-8FDC-42A3-9474-1A3956D46DE8}") = "Test", "Test", "{4FC3071A-F3AC-4D1F-8C73-FBD40A73FECE}"
EndProject
Project("{2150E333-8FDC-42A3-9474-1A3956D46DE8}") = "Doc", "Doc", "{C5A09A9C-9EB0-47AE-A212-5084CFA63CEC}"
	ProjectSection(SolutionItems) = preProject
		Doc\MediaPipelineArchitecture.md = Doc\MediaPipelineArchitecture.md
		Doc\ImplementationStatus.md = Doc\ImplementationStatus.md
	EndProjectSection
EndProject
Project("{2150E333-8FDC-42A3-9474-1A3956D46DE8}") = "NDI", "NDI", "{A60A708F-FB76-474D-BC78-75770742423D}"
EndProject
Project("{FAE04EC0-301F-11D3-BF4B-00C04F79EFBC}") = "NDILib", "NDI\NDILib\NDILib.csproj", "{364EB31E-C31B-4874-AA82-5524BA8D06B9}"
EndProject
Project("{2150E333-8FDC-42A3-9474-1A3956D46DE8}") = "Media", "Media", "{776AE86F-6A81-4B69-A48A-88A9293EB425}"
EndProject
Project("{2150E333-8FDC-42A3-9474-1A3956D46DE8}") = "Audio", "Audio", "{486A1187-8515-43B7-8075-1DFC7B95B987}"
EndProject
Project("{2150E333-8FDC-42A3-9474-1A3956D46DE8}") = "OSC", "OSC", "{36B710DB-96D4-4B92-90BD-54636B2D48E1}"
EndProject
Project("{FAE04EC0-301F-11D3-BF4B-00C04F79EFBC}") = "OSCLib", "OSC\OSCLib\OSCLib.csproj", "{76DE0424-A676-4797-BE13-FF716C70296C}"
EndProject
Project("{FAE04EC0-301F-11D3-BF4B-00C04F79EFBC}") = "PALib", "Audio\PALib\PALib.csproj", "{7817CECD-0755-423A-8196-1D34975018A7}"
EndProject
Project("{FAE04EC0-301F-11D3-BF4B-00C04F79EFBC}") = "S.Media.Core", "Media\S.Media.Core\S.Media.Core.csproj", "{0048AB41-5654-47F0-ABD5-1646F7D7706D}"
EndProject
Project("{2150E333-8FDC-42A3-9474-1A3956D46DE8}") = "Archive", "Archive", "{CB6ECFB3-79C6-4AAA-9FCC-9ECDC564467D}"
EndProject
Project("{FAE04EC0-301F-11D3-BF4B-00C04F79EFBC}") = "S.Media.PortAudio", "Audio\S.Media.PortAudio\S.Media.PortAudio.csproj", "{B4223D77-9668-414F-9611-18851DEDD898}"
EndProject
Project("{FAE04EC0-301F-11D3-BF4B-00C04F79EFBC}") = "S.Media.FFmpeg", "Media\S.Media.FFmpeg\S.Media.FFmpeg.csproj", "{4F811DD6-E80A-4B60-9DAD-55A1C6DD7713}"
EndProject
Project("{FAE04EC0-301F-11D3-BF4B-00C04F79EFBC}") = "S.Media.NDI", "NDI\S.Media.NDI\S.Media.NDI.csproj", "{14C618F6-70A2-4962-920C-29BA0F5B8A1B}"
EndProject
Global
	GlobalSection(SolutionConfigurationPlatforms) = preSolution
		Debug|Any CPU = Debug|Any CPU
		Debug|x64 = Debug|x64
		Debug|x86 = Debug|x86
		Release|Any CPU = Release|Any CPU
		Release|x64 = Release|x64
		Release|x86 = Release|x86
	EndGlobalSection
	GlobalSection(ProjectConfigurationPlatforms) = postSolution
		{BFF82F62-49BB-4B0E-9237-45249A41E235}.Debug|Any CPU.ActiveCfg = Debug|Any CPU
		{BFF82F62-49BB-4B0E-9237-45249A41E235}.Debug|Any CPU.Build.0 = Debug|Any CPU
		{BFF82F62-49BB-4B0E-9237-45249A41E235}.Debug|x64.ActiveCfg = Debug|Any CPU
		{BFF82F62-49BB-4B0E-9237-45249A41E235}.Debug|x64.Build.0 = Debug|Any CPU
		{BFF82F62-49BB-4B0E-9237-45249A41E235}.Debug|x86.ActiveCfg = Debug|Any CPU
		{BFF82F62-49BB-4B0E-9237-45249A41E235}.Debug|x86.Build.0 = Debug|Any CPU
		{BFF82F62-49BB-4B0E-9237-45249A41E235}.Release|Any CPU.ActiveCfg = Release|Any CPU
		{BFF82F62-49BB-4B0E-9237-45249A41E235}.Release|Any CPU.Build.0 = Release|Any CPU
		{BFF82F62-49BB-4B0E-9237-45249A41E235}.Release|x64.ActiveCfg = Release|Any CPU
		{BFF82F62-49BB-4B0E-9237-45249A41E235}.Release|x64.Build.0 = Release|Any CPU
		{BFF82F62-49BB-4B0E-9237-45249A41E235}.Release|x86.ActiveCfg = Release|Any CPU
		{BFF82F62-49BB-4B0E-9237-45249A41E235}.Release|x86.Build.0 = Release|Any CPU
		{364EB31E-C31B-4874-AA82-5524BA8D06B9}.Debug|Any CPU.ActiveCfg = Debug|Any CPU
		{364EB31E-C31B-4874-AA82-5524BA8D06B9}.Debug|Any CPU.Build.0 = Debug|Any CPU
		{364EB31E-C31B-4874-AA82-5524BA8D06B9}.Debug|x64.ActiveCfg = Debug|Any CPU
		{364EB31E-C31B-4874-AA82-5524BA8D06B9}.Debug|x64.Build.0 = Debug|Any CPU
		{364EB31E-C31B-4874-AA82-5524BA8D06B9}.Debug|x86.ActiveCfg = Debug|Any CPU
		{364EB31E-C31B-4874-AA82-5524BA8D06B9}.Debug|x86.Build.0 = Debug|Any CPU
		{364EB31E-C31B-4874-AA82-5524BA8D06B9}.Release|Any CPU.ActiveCfg = Release|Any CPU
		{364EB31E-C31B-4874-AA82-5524BA8D06B9}.Release|Any CPU.Build.0 = Release|Any CPU
		{364EB31E-C31B-4874-AA82-5524BA8D06B9}.Release|x64.ActiveCfg = Release|Any CPU
		{364EB31E-C31B-4874-AA82-5524BA8D06B9}.Release|x64.Build.0 = Release|Any CPU
		{364EB31E-C31B-4874-AA82-5524BA8D06B9}.Release|x86.ActiveCfg = Release|Any CPU
		{364EB31E-C31B-4874-AA82-5524BA8D06B9}.Release|x86.Build.0 = Release|Any CPU
		{76DE0424-A676-4797-BE13-FF716C70296C}.Debug|Any CPU.ActiveCfg = Debug|Any CPU
		{76DE0424-A676-4797-BE13-FF716C70296C}.Debug|Any CPU.Build.0 = Debug|Any CPU
		{76DE0424-A676-4797-BE13-FF716C70296C}.Debug|x64.ActiveCfg = Debug|Any CPU
		{76DE0424-A676-4797-BE13-FF716C70296C}.Debug|x64.Build.0 = Debug|Any CPU
		{76DE0424-A676-4797-BE13-FF716C70296C}.Debug|x86.ActiveCfg = Debug|Any CPU
		{76DE0424-A676-4797-BE13-FF716C70296C}.Debug|x86.Build.0 = Debug|Any CPU
		{76DE0424-A676-4797-BE13-FF716C70296C}.Release|Any CPU.ActiveCfg = Release|Any CPU
		{76DE0424-A676-4797-BE13-FF716C70296C}.Release|Any CPU.Build.0 = Release|Any CPU
		{76DE0424-A676-4797-BE13-FF716C70296C}.Release|x64.ActiveCfg = Release|Any CPU
		{76DE0424-A676-4797-BE13-FF716C70296C}.Release|x64.Build.0 = Release|Any CPU
		{76DE0424-A676-4797-BE13-FF716C70296C}.Release|x86.ActiveCfg = Release|Any CPU
		{76DE0424-A676-4797-BE13-FF716C70296C}.Release|x86.Build.0 = Release|Any CPU
		{7817CECD-0755-423A-8196-1D34975018A7}.Debug|Any CPU.ActiveCfg = Debug|Any CPU
		{7817CECD-0755-423A-8196-1D34975018A7}.Debug|Any CPU.Build.0 = Debug|Any CPU
		{7817CECD-0755-423A-8196-1D34975018A7}.Debug|x64.ActiveCfg = Debug|Any CPU
		{7817CECD-0755-423A-8196-1D34975018A7}.Debug|x64.Build.0 = Debug|Any CPU
		{7817CECD-0755-423A-8196-1D34975018A7}.Debug|x86.ActiveCfg = Debug|Any CPU
		{7817CECD-0755-423A-8196-1D34975018A7}.Debug|x86.Build.0 = Debug|Any CPU
		{7817CECD-0755-423A-8196-1D34975018A7}.Release|Any CPU.ActiveCfg = Release|Any CPU
		{7817CECD-0755-423A-8196-1D34975018A7}.Release|Any CPU.Build.0 = Release|Any CPU
		{7817CECD-0755-423A-8196-1D34975018A7}.Release|x64.ActiveCfg = Release|Any CPU
		{7817CECD-0755-423A-8196-1D34975018A7}.Release|x64.Build.0 = Release|Any CPU
		{7817CECD-0755-423A-8196-1D34975018A7}.Release|x86.ActiveCfg = Release|Any CPU
		{7817CECD-0755-423A-8196-1D34975018A7}.Release|x86.Build.0 = Release|Any CPU
		{0048AB41-5654-47F0-ABD5-1646F7D7706D}.Debug|Any CPU.ActiveCfg = Debug|Any CPU
		{0048AB41-5654-47F0-ABD5-1646F7D7706D}.Debug|Any CPU.Build.0 = Debug|Any CPU
		{0048AB41-5654-47F0-ABD5-1646F7D7706D}.Debug|x64.ActiveCfg = Debug|Any CPU
		{0048AB41-5654-47F0-ABD5-1646F7D7706D}.Debug|x64.Build.0 = Debug|Any CPU
		{0048AB41-5654-47F0-ABD5-1646F7D7706D}.Debug|x86.ActiveCfg = Debug|Any CPU
		{0048AB41-5654-47F0-ABD5-1646F7D7706D}.Debug|x86.Build.0 = Debug|Any CPU
		{0048AB41-5654-47F0-ABD5-1646F7D7706D}.Release|Any CPU.ActiveCfg = Release|Any CPU
		{0048AB41-5654-47F0-ABD5-1646F7D7706D}.Release|Any CPU.Build.0 = Release|Any CPU
		{0048AB41-5654-47F0-ABD5-1646F7D7706D}.Release|x64.ActiveCfg = Release|Any CPU
		{0048AB41-5654-47F0-ABD5-1646F7D7706D}.Release|x64.Build.0 = Release|Any CPU
		{0048AB41-5654-47F0-ABD5-1646F7D7706D}.Release|x86.ActiveCfg = Release|Any CPU
		{0048AB41-5654-47F0-ABD5-1646F7D7706D}.Release|x86.Build.0 = Release|Any CPU
		{B4223D77-9668-414F-9611-18851DEDD898}.Debug|Any CPU.ActiveCfg = Debug|Any CPU
		{B4223D77-9668-414F-9611-18851DEDD898}.Debug|Any CPU.Build.0 = Debug|Any CPU
		{B4223D77-9668-414F-9611-18851DEDD898}.Debug|x64.ActiveCfg = Debug|Any CPU
		{B4223D77-9668-414F-9611-18851DEDD898}.Debug|x64.Build.0 = Debug|Any CPU
		{B4223D77-9668-414F-9611-18851DEDD898}.Debug|x86.ActiveCfg = Debug|Any CPU
		{B4223D77-9668-414F-9611-18851DEDD898}.Debug|x86.Build.0 = Debug|Any CPU
		{B4223D77-9668-414F-9611-18851DEDD898}.Release|Any CPU.ActiveCfg = Release|Any CPU
		{B4223D77-9668-414F-9611-18851DEDD898}.Release|Any CPU.Build.0 = Release|Any CPU
		{B4223D77-9668-414F-9611-18851DEDD898}.Release|x64.ActiveCfg = Release|Any CPU
		{B4223D77-9668-414F-9611-18851DEDD898}.Release|x64.Build.0 = Release|Any CPU
		{B4223D77-9668-414F-9611-18851DEDD898}.Release|x86.ActiveCfg = Release|Any CPU
		{B4223D77-9668-414F-9611-18851DEDD898}.Release|x86.Build.0 = Release|Any CPU
		{4F811DD6-E80A-4B60-9DAD-55A1C6DD7713}.Debug|Any CPU.ActiveCfg = Debug|Any CPU
		{4F811DD6-E80A-4B60-9DAD-55A1C6DD7713}.Debug|Any CPU.Build.0 = Debug|Any CPU
		{4F811DD6-E80A-4B60-9DAD-55A1C6DD7713}.Debug|x64.ActiveCfg = Debug|Any CPU
		{4F811DD6-E80A-4B60-9DAD-55A1C6DD7713}.Debug|x64.Build.0 = Debug|Any CPU
		{4F811DD6-E80A-4B60-9DAD-55A1C6DD7713}.Debug|x86.ActiveCfg = Debug|Any CPU
		{4F811DD6-E80A-4B60-9DAD-55A1C6DD7713}.Debug|x86.Build.0 = Debug|Any CPU
		{4F811DD6-E80A-4B60-9DAD-55A1C6DD7713}.Release|Any CPU.ActiveCfg = Release|Any CPU
		{4F811DD6-E80A-4B60-9DAD-55A1C6DD7713}.Release|Any CPU.Build.0 = Release|Any CPU
		{4F811DD6-E80A-4B60-9DAD-55A1C6DD7713}.Release|x64.ActiveCfg = Release|Any CPU
		{4F811DD6-E80A-4B60-9DAD-55A1C6DD7713}.Release|x64.Build.0 = Release|Any CPU
		{4F811DD6-E80A-4B60-9DAD-55A1C6DD7713}.Release|x86.ActiveCfg = Release|Any CPU
		{4F811DD6-E80A-4B60-9DAD-55A1C6DD7713}.Release|x86.Build.0 = Release|Any CPU
		{14C618F6-70A2-4962-920C-29BA0F5B8A1B}.Debug|Any CPU.ActiveCfg = Debug|Any CPU
		{14C618F6-70A2-4962-920C-29BA0F5B8A1B}.Debug|Any CPU.Build.0 = Debug|Any CPU
		{14C618F6-70A2-4962-920C-29BA0F5B8A1B}.Debug|x64.ActiveCfg = Debug|Any CPU
		{14C618F6-70A2-4962-920C-29BA0F5B8A1B}.Debug|x64.Build.0 = Debug|Any CPU
		{14C618F6-70A2-4962-920C-29BA0F5B8A1B}.Debug|x86.ActiveCfg = Debug|Any CPU
		{14C618F6-70A2-4962-920C-29BA0F5B8A1B}.Debug|x86.Build.0 = Debug|Any CPU
		{14C618F6-70A2-4962-920C-29BA0F5B8A1B}.Release|Any CPU.ActiveCfg = Release|Any CPU
		{14C618F6-70A2-4962-920C-29BA0F5B8A1B}.Release|Any CPU.Build.0 = Release|Any CPU
		{14C618F6-70A2-4962-920C-29BA0F5B8A1B}.Release|x64.ActiveCfg = Release|Any CPU
		{14C618F6-70A2-4962-920C-29BA0F5B8A1B}.Release|x64.Build.0 = Release|Any CPU
		{14C618F6-70A2-4962-920C-29BA0F5B8A1B}.Release|x86.ActiveCfg = Release|Any CPU
		{14C618F6-70A2-4962-920C-29BA0F5B8A1B}.Release|x86.Build.0 = Release|Any CPU
	EndGlobalSection
	GlobalSection(SolutionProperties) = preSolution
		HideSolutionNode = FALSE
	EndGlobalSection
	GlobalSection(NestedProjects) = preSolution
		{BFF82F62-49BB-4B0E-9237-45249A41E235} = {6FD506B3-14CF-45F3-A11F-EB8C831991E2}
		{364EB31E-C31B-4874-AA82-5524BA8D06B9} = {A60A708F-FB76-474D-BC78-75770742423D}
		{76DE0424-A676-4797-BE13-FF716C70296C} = {36B710DB-96D4-4B92-90BD-54636B2D48E1}
		{7817CECD-0755-423A-8196-1D34975018A7} = {486A1187-8515-43B7-8075-1DFC7B95B987}
		{0048AB41-5654-47F0-ABD5-1646F7D7706D} = {776AE86F-6A81-4B69-A48A-88A9293EB425}
		{B4223D77-9668-414F-9611-18851DEDD898} = {486A1187-8515-43B7-8075-1DFC7B95B987}
		{4F811DD6-E80A-4B60-9DAD-55A1C6DD7713} = {776AE86F-6A81-4B69-A48A-88A9293EB425}
		{14C618F6-70A2-4962-920C-29BA0F5B8A1B} = {A60A708F-FB76-474D-BC78-75770742423D}
	EndGlobalSection
	GlobalSection(ExtensibilityGlobals) = postSolution
		SolutionGuid = {83CB65B8-011F-4ED7-BCD3-A6CFA935EF7E}
	EndGlobalSection
EndGlobal
